# THIS IS AN AUTOGENERATED FILE. DO NOT EDIT THIS FILE DIRECTLY.
# yarn lockfile v1


"@eslint-community/eslint-utils@^4.4.0":
  version "4.4.0"
  resolved "https://registry.yarnpkg.com/@eslint-community/eslint-utils/-/eslint-utils-4.4.0.tgz#a23514e8fb9af1269d5f7788aa556798d61c6b59"
  integrity sha512-1/sA4dwrzBAyeUoQ6oxahHKmrZvsnLCg4RfxW3ZFGGmQkSNQPFNLV9CUEFQP1x9EYXHTo5p6xdhZM1Ne9p/AfA==
  dependencies:
    eslint-visitor-keys "^3.3.0"

"@eslint-community/regexpp@^4.10.0":
  version "4.11.0"
  resolved "https://registry.yarnpkg.com/@eslint-community/regexpp/-/regexpp-4.11.0.tgz#b0ffd0312b4a3fd2d6f77237e7248a5ad3a680ae"
  integrity sha512-G/M/tIiMrTAxEWRfLfQJMmGNX28IxBg4PBz8XqQhqUHLFI6TL2htpIB1iQCj144V5ee/JaKyT9/WZ0MGZWfA7A==

"@eslint/js@^9.9.1":
  version "9.9.1"
  resolved "https://registry.yarnpkg.com/@eslint/js/-/js-9.9.1.tgz#4a97e85e982099d6c7ee8410aacb55adaa576f06"
  integrity sha512-xIDQRsfg5hNBqHz04H1R3scSVwmI+KUbqjsQKHKQ1DAUSaUjYPReZZmS/5PNiKu1fUvzDd6H7DEDKACSEhu+TQ==

"@nodelib/fs.scandir@2.1.5":
  version "2.1.5"
  resolved "https://registry.yarnpkg.com/@nodelib/fs.scandir/-/fs.scandir-2.1.5.tgz#7619c2eb21b25483f6d167548b4cfd5a7488c3d5"
  integrity sha512-vq24Bq3ym5HEQm2NKCr3yXDwjc7vTsEThRDnkp2DK9p1uqLR+DHurm/NOTo0KG7HYHU7eppKZj3MyqYuMBf62g==
  dependencies:
    "@nodelib/fs.stat" "2.0.5"
    run-parallel "^1.1.9"

"@nodelib/fs.stat@2.0.5", "@nodelib/fs.stat@^2.0.2":
  version "2.0.5"
  resolved "https://registry.yarnpkg.com/@nodelib/fs.stat/-/fs.stat-2.0.5.tgz#5bd262af94e9d25bd1e71b05deed44876a222e8b"
  integrity sha512-RkhPPp2zrqDAQA/2jNhnztcPAlv64XdhIp7a7454A5ovI7Bukxgt7MX7udwAu3zg1DcpPU0rz3VV1SeaqvY4+A==

"@nodelib/fs.walk@^1.2.3":
  version "1.2.8"
  resolved "https://registry.yarnpkg.com/@nodelib/fs.walk/-/fs.walk-1.2.8.tgz#e95737e8bb6746ddedf69c556953494f196fe69a"
  integrity sha512-oGB+UxlgWcgQkgwo8GcEGwemoTFt3FIO9ababBmaGwXIoBKZ+GTy0pP185beGg7Llih/NSHSV2XAs1lnznocSg==
  dependencies:
    "@nodelib/fs.scandir" "2.1.5"
    fastq "^1.6.0"

"@stylistic/eslint-plugin-js@2.6.4", "@stylistic/eslint-plugin-js@^2.6.4":
  version "2.6.4"
  resolved "https://registry.yarnpkg.com/@stylistic/eslint-plugin-js/-/eslint-plugin-js-2.6.4.tgz#52e2b89e1f0878aaeeca3be832287bc060d3a422"
  integrity sha512-kx1hS3xTvzxZLdr/DCU/dLBE++vcP97sHeEFX2QXhk1Ipa4K1rzPOLw1HCbf4mU3s+7kHP5eYpDe+QteEOFLug==
  dependencies:
    "@types/eslint" "^9.6.0"
    acorn "^8.12.1"
    eslint-visitor-keys "^4.0.0"
    espree "^10.1.0"

"@stylistic/eslint-plugin-ts@^2.6.4":
  version "2.6.4"
  resolved "https://registry.yarnpkg.com/@stylistic/eslint-plugin-ts/-/eslint-plugin-ts-2.6.4.tgz#06f975ae5f1d866827b2495e0d93b9e005c0579c"
  integrity sha512-yxL8Hj6WkObw1jfiLpBzKy5yfxY6vwlwO4miq34ySErUjUecPV5jxfVbOe4q1QDPKemQGPq93v7sAQS5PzM8lA==
  dependencies:
    "@stylistic/eslint-plugin-js" "2.6.4"
    "@types/eslint" "^9.6.0"
    "@typescript-eslint/utils" "^8.1.0"

"@types/eslint@^9.6.0":
  version "9.6.1"
  resolved "https://registry.yarnpkg.com/@types/eslint/-/eslint-9.6.1.tgz#d5795ad732ce81715f27f75da913004a56751584"
  integrity sha512-FXx2pKgId/WyYo2jXw63kk7/+TY7u7AziEJxJAnSFzHlqTAS3Ync6SvgYAN/k4/PQpnnVuzoMuVnByKK2qp0ag==
  dependencies:
    "@types/estree" "*"
    "@types/json-schema" "*"

"@types/estree@*":
  version "1.0.5"
  resolved "https://registry.yarnpkg.com/@types/estree/-/estree-1.0.5.tgz#a6ce3e556e00fd9895dd872dd172ad0d4bd687f4"
  integrity sha512-/kYRxGDLWzHOB7q+wtSUQlFrtcdUccpfy+X+9iMBpHK8QLLhx2wIPYuS5DYtR9Wa/YlZAbIovy7qVdB1Aq6Lyw==

"@types/json-schema@*":
  version "7.0.15"
  resolved "https://registry.yarnpkg.com/@types/json-schema/-/json-schema-7.0.15.tgz#596a1747233694d50f6ad8a7869fcb6f56cf5841"
  integrity sha512-5+fP8P8MFNC+AyZCDxrB2pkZFPGzqQWUzpSeuuVLvm8VMcorNYavBqoFcxK8bQz4Qsbn4oUEEem4wDLfcysGHA==

"@typescript-eslint/eslint-plugin@8.3.0":
  version "8.3.0"
  resolved "https://registry.yarnpkg.com/@typescript-eslint/eslint-plugin/-/eslint-plugin-8.3.0.tgz#726627fad16d41d20539637efee8c2329fe6be32"
  integrity sha512-FLAIn63G5KH+adZosDYiutqkOkYEx0nvcwNNfJAf+c7Ae/H35qWwTYvPZUKFj5AS+WfHG/WJJfWnDnyNUlp8UA==
  dependencies:
    "@eslint-community/regexpp" "^4.10.0"
    "@typescript-eslint/scope-manager" "8.3.0"
    "@typescript-eslint/type-utils" "8.3.0"
    "@typescript-eslint/utils" "8.3.0"
    "@typescript-eslint/visitor-keys" "8.3.0"
    graphemer "^1.4.0"
    ignore "^5.3.1"
    natural-compare "^1.4.0"
    ts-api-utils "^1.3.0"

"@typescript-eslint/parser@8.3.0":
  version "8.3.0"
  resolved "https://registry.yarnpkg.com/@typescript-eslint/parser/-/parser-8.3.0.tgz#3c72c32bc909cb91ce3569e7d11d729ad84deafa"
  integrity sha512-h53RhVyLu6AtpUzVCYLPhZGL5jzTD9fZL+SYf/+hYOx2bDkyQXztXSc4tbvKYHzfMXExMLiL9CWqJmVz6+78IQ==
  dependencies:
    "@typescript-eslint/scope-manager" "8.3.0"
    "@typescript-eslint/types" "8.3.0"
    "@typescript-eslint/typescript-estree" "8.3.0"
    "@typescript-eslint/visitor-keys" "8.3.0"
    debug "^4.3.4"

"@typescript-eslint/scope-manager@8.3.0":
  version "8.3.0"
  resolved "https://registry.yarnpkg.com/@typescript-eslint/scope-manager/-/scope-manager-8.3.0.tgz#834301d2e70baf924c26818b911bdc40086f7468"
  integrity sha512-mz2X8WcN2nVu5Hodku+IR8GgCOl4C0G/Z1ruaWN4dgec64kDBabuXyPAr+/RgJtumv8EEkqIzf3X2U5DUKB2eg==
  dependencies:
    "@typescript-eslint/types" "8.3.0"
    "@typescript-eslint/visitor-keys" "8.3.0"

"@typescript-eslint/type-utils@8.3.0":
  version "8.3.0"
  resolved "https://registry.yarnpkg.com/@typescript-eslint/type-utils/-/type-utils-8.3.0.tgz#c1ae6af8c21a27254321016b052af67ddb44a9ac"
  integrity sha512-wrV6qh//nLbfXZQoj32EXKmwHf4b7L+xXLrP3FZ0GOUU72gSvLjeWUl5J5Ue5IwRxIV1TfF73j/eaBapxx99Lg==
  dependencies:
    "@typescript-eslint/typescript-estree" "8.3.0"
    "@typescript-eslint/utils" "8.3.0"
    debug "^4.3.4"
    ts-api-utils "^1.3.0"

"@typescript-eslint/types@8.3.0":
  version "8.3.0"
  resolved "https://registry.yarnpkg.com/@typescript-eslint/types/-/types-8.3.0.tgz#378e62447c2d7028236e55a81d3391026600563b"
  integrity sha512-y6sSEeK+facMaAyixM36dQ5NVXTnKWunfD1Ft4xraYqxP0lC0POJmIaL/mw72CUMqjY9qfyVfXafMeaUj0noWw==

"@typescript-eslint/typescript-estree@8.3.0":
  version "8.3.0"
  resolved "https://registry.yarnpkg.com/@typescript-eslint/typescript-estree/-/typescript-estree-8.3.0.tgz#3e3d38af101ba61a8568f034733b72bfc9f176b9"
  integrity sha512-Mq7FTHl0R36EmWlCJWojIC1qn/ZWo2YiWYc1XVtasJ7FIgjo0MVv9rZWXEE7IK2CGrtwe1dVOxWwqXUdNgfRCA==
  dependencies:
    "@typescript-eslint/types" "8.3.0"
    "@typescript-eslint/visitor-keys" "8.3.0"
    debug "^4.3.4"
    fast-glob "^3.3.2"
    is-glob "^4.0.3"
    minimatch "^9.0.4"
    semver "^7.6.0"
    ts-api-utils "^1.3.0"

"@typescript-eslint/utils@8.3.0", "@typescript-eslint/utils@^8.1.0":
  version "8.3.0"
  resolved "https://registry.yarnpkg.com/@typescript-eslint/utils/-/utils-8.3.0.tgz#b10972319deac5959c7a7075d0cf2b5e1de7ec08"
  integrity sha512-F77WwqxIi/qGkIGOGXNBLV7nykwfjLsdauRB/DOFPdv6LTF3BHHkBpq81/b5iMPSF055oO2BiivDJV4ChvNtXA==
  dependencies:
    "@eslint-community/eslint-utils" "^4.4.0"
    "@typescript-eslint/scope-manager" "8.3.0"
    "@typescript-eslint/types" "8.3.0"
    "@typescript-eslint/typescript-estree" "8.3.0"

"@typescript-eslint/visitor-keys@8.3.0":
  version "8.3.0"
  resolved "https://registry.yarnpkg.com/@typescript-eslint/visitor-keys/-/visitor-keys-8.3.0.tgz#320d747d107af1eef1eb43fbc4ccdbddda13068b"
  integrity sha512-RmZwrTbQ9QveF15m/Cl28n0LXD6ea2CjkhH5rQ55ewz3H24w+AMCJHPVYaZ8/0HoG8Z3cLLFFycRXxeO2tz9FA==
  dependencies:
    "@typescript-eslint/types" "8.3.0"
    eslint-visitor-keys "^3.4.3"

acorn-jsx@^5.3.2:
  version "5.3.2"
  resolved "https://registry.yarnpkg.com/acorn-jsx/-/acorn-jsx-5.3.2.tgz#7ed5bb55908b3b2f1bc55c6af1653bada7f07937"
  integrity sha512-rq9s+JNhf0IChjtDXxllJ7g41oZk5SlXtp0LHwyA5cejwn7vKmKp4pPri6YEePv2PU65sAsegbXtIinmDFDXgQ==

acorn@^8.12.0, acorn@^8.12.1, acorn@^8.9.0:
  version "8.12.1"
  resolved "https://registry.yarnpkg.com/acorn/-/acorn-8.12.1.tgz#71616bdccbe25e27a54439e0046e89ca76df2248"
  integrity sha512-tcpGyI9zbizT9JbV6oYE477V6mTlXvvi0T0G3SNIYE2apm/G5huBa1+K89VGeovbg+jycCrfhl3ADxErOuO6Jg==

aria-query@^5.3.0:
  version "5.3.0"
  resolved "https://registry.yarnpkg.com/aria-query/-/aria-query-5.3.0.tgz#650c569e41ad90b51b3d7df5e5eed1c7549c103e"
  integrity sha512-b0P0sZPKtyu8HkeRAfCq0IfURZK+SuwMjY1UXGBU27wpAiTwQAIlq56IbIO+ytk/JjS1fMR14ee5WBBfKi5J6A==
  dependencies:
    dequal "^2.0.3"

balanced-match@^1.0.0:
  version "1.0.2"
  resolved "https://registry.yarnpkg.com/balanced-match/-/balanced-match-1.0.2.tgz#e83e3a7e3f300b34cb9d87f615fa0cbf357690ee"
  integrity sha512-3oSeUO0TMV67hN1AmbXsK4yaqU7tjiHlbxRDZOpH0KW9+CeX4bRAaX0Anxt0tx2MrpRpWwQaPwIlISEJhYU5Pw==

boolbase@^1.0.0:
  version "1.0.0"
  resolved "https://registry.yarnpkg.com/boolbase/-/boolbase-1.0.0.tgz#68dff5fbe60c51eb37725ea9e3ed310dcc1e776e"
  integrity sha512-JZOSA7Mo9sNGB8+UjSgzdLtokWAky1zbztM3WRLCbZ70/3cTANmQmOdR7y2g+J0e2WXywy1yS468tY+IruqEww==

brace-expansion@^2.0.1:
  version "2.0.1"
  resolved "https://registry.yarnpkg.com/brace-expansion/-/brace-expansion-2.0.1.tgz#1edc459e0f0c548486ecf9fc99f2221364b9a0ae"
  integrity sha512-XnAIvQ8eM+kC6aULx6wuQiwVsnzsi9d3WxzV3FpWTGA19F621kwdbsAcFKXgKUHZWsy+mY6iL1sHTxWEFCytDA==
  dependencies:
    balanced-match "^1.0.0"

braces@^3.0.3:
  version "3.0.3"
  resolved "https://registry.yarnpkg.com/braces/-/braces-3.0.3.tgz#490332f40919452272d55a8480adc0c441358789"
  integrity sha512-yQbXgO/OSZVD2IsiLlro+7Hf6Q18EJrKSEsdoMzKePKXct3gvD8oLcOQdIzGupr5Fj+EDe8gO/lxc1BzfMpxvA==
  dependencies:
    fill-range "^7.1.1"

cssesc@^3.0.0:
  version "3.0.0"
  resolved "https://registry.yarnpkg.com/cssesc/-/cssesc-3.0.0.tgz#37741919903b868565e1c09ea747445cd18983ee"
  integrity sha512-/Tb/JcjK111nNScGob5MNtsntNM1aCNUDipB/TkwZFhyDrrE47SOx/18wF2bbjgc3ZzCSKW1T5nt5EbFoAz/Vg==

debug@^4.3.4:
  version "4.3.6"
  resolved "https://registry.yarnpkg.com/debug/-/debug-4.3.6.tgz#2ab2c38fbaffebf8aa95fdfe6d88438c7a13c52b"
  integrity sha512-O/09Bd4Z1fBrU4VzkhFqVgpPzaGbw6Sm9FEkBT1A/YBXQFGuuSxa1dN2nxgxS34JmKXqYx8CZAwEVoJFImUXIg==
  dependencies:
    ms "2.1.2"

dequal@^2.0.3:
  version "2.0.3"
  resolved "https://registry.yarnpkg.com/dequal/-/dequal-2.0.3.tgz#2644214f1997d39ed0ee0ece72335490a7ac67be"
  integrity sha512-0je+qPKHEMohvfRTCEo3CrPG6cAzAYgmzKyxRiYSSDkS6eGJdyVJm7WaYA5ECaAD9wLB2T4EEeymA5aFVcYXCA==

emoji-regex@^10.0.0:
  version "10.4.0"
  resolved "https://registry.yarnpkg.com/emoji-regex/-/emoji-regex-10.4.0.tgz#03553afea80b3975749cfcb36f776ca268e413d4"
  integrity sha512-EC+0oUMY1Rqm4O6LLrgjtYDvcVYTy7chDnM4Q7030tP4Kwj3u/pR6gP9ygnp2CJMK5Gq+9Q2oqmrFJAz01DXjw==

eslint-plugin-vue@^9.27.0:
  version "9.27.0"
  resolved "https://registry.yarnpkg.com/eslint-plugin-vue/-/eslint-plugin-vue-9.27.0.tgz#c22dae704a03d9ecefa81364ff89f60ce0481f94"
  integrity sha512-5Dw3yxEyuBSXTzT5/Ge1X5kIkRTQ3nvBn/VwPwInNiZBSJOO/timWMUaflONnFBzU6NhB68lxnCda7ULV5N7LA==
  dependencies:
    "@eslint-community/eslint-utils" "^4.4.0"
    globals "^13.24.0"
    natural-compare "^1.4.0"
    nth-check "^2.1.1"
    postcss-selector-parser "^6.0.15"
    semver "^7.6.0"
    vue-eslint-parser "^9.4.3"
    xml-name-validator "^4.0.0"

eslint-plugin-vuejs-accessibility@^2.4.1:
  version "2.4.1"
  resolved "https://registry.yarnpkg.com/eslint-plugin-vuejs-accessibility/-/eslint-plugin-vuejs-accessibility-2.4.1.tgz#bda9ecae102a10650f5ea4d27d003cbe7409247f"
  integrity sha512-ZRZhPdslplZXSF71MtSG+zXYRAT5KiHR4JVuo/DERQf9noAkDvi5W418VOE1qllmJd7wTenndxi1q8XeDMxdHw==
  dependencies:
    aria-query "^5.3.0"
    emoji-regex "^10.0.0"
    vue-eslint-parser "^9.0.1"

eslint-scope@^7.1.1:
  version "7.2.2"
  resolved "https://registry.yarnpkg.com/eslint-scope/-/eslint-scope-7.2.2.tgz#deb4f92563390f32006894af62a22dba1c46423f"
  integrity sha512-dOt21O7lTMhDM+X9mB4GX+DZrZtCUJPL/wlcTqxyrx5IvO0IYtILdtrQGQp+8n5S0gwSVmOf9NQrjMOgfQZlIg==
  dependencies:
    esrecurse "^4.3.0"
    estraverse "^5.2.0"

eslint-visitor-keys@^3.3.0, eslint-visitor-keys@^3.4.1, eslint-visitor-keys@^3.4.3:
  version "3.4.3"
  resolved "https://registry.yarnpkg.com/eslint-visitor-keys/-/eslint-visitor-keys-3.4.3.tgz#0cd72fe8550e3c2eae156a96a4dddcd1c8ac5800"
  integrity sha512-wpc+LXeiyiisxPlEkUzU6svyS1frIO3Mgxj1fdy7Pm8Ygzguax2N3Fa/D/ag1WqbOprdI+uY6wMUl8/a2G+iag==

eslint-visitor-keys@^4.0.0:
  version "4.0.0"
  resolved "https://registry.yarnpkg.com/eslint-visitor-keys/-/eslint-visitor-keys-4.0.0.tgz#e3adc021aa038a2a8e0b2f8b0ce8f66b9483b1fb"
  integrity sha512-OtIRv/2GyiF6o/d8K7MYKKbXrOUBIK6SfkIRM4Z0dY3w+LiQ0vy3F57m0Z71bjbyeiWFiHJ8brqnmE6H6/jEuw==

espree@^10.1.0:
  version "10.1.0"
  resolved "https://registry.yarnpkg.com/espree/-/espree-10.1.0.tgz#8788dae611574c0f070691f522e4116c5a11fc56"
  integrity sha512-M1M6CpiE6ffoigIOWYO9UDP8TMUw9kqb21tf+08IgDYjCsOvCuDt4jQcZmoYxx+w7zlKw9/N0KXfto+I8/FrXA==
  dependencies:
    acorn "^8.12.0"
    acorn-jsx "^5.3.2"
    eslint-visitor-keys "^4.0.0"

espree@^9.3.1:
  version "9.6.1"
  resolved "https://registry.yarnpkg.com/espree/-/espree-9.6.1.tgz#a2a17b8e434690a5432f2f8018ce71d331a48c6f"
  integrity sha512-oruZaFkjorTpF32kDSI5/75ViwGeZginGGy2NoOSg3Q9bnwlnmDm4HLnkl0RE3n+njDXR037aY1+x58Z/zFdwQ==
  dependencies:
    acorn "^8.9.0"
    acorn-jsx "^5.3.2"
    eslint-visitor-keys "^3.4.1"

esquery@^1.4.0:
  version "1.6.0"
  resolved "https://registry.yarnpkg.com/esquery/-/esquery-1.6.0.tgz#91419234f804d852a82dceec3e16cdc22cf9dae7"
  integrity sha512-ca9pw9fomFcKPvFLXhBKUK90ZvGibiGOvRJNbjljY7s7uq/5YO4BOzcYtJqExdx99rF6aAcnRxHmcUHcz6sQsg==
  dependencies:
    estraverse "^5.1.0"

esrecurse@^4.3.0:
  version "4.3.0"
  resolved "https://registry.yarnpkg.com/esrecurse/-/esrecurse-4.3.0.tgz#7ad7964d679abb28bee72cec63758b1c5d2c9921"
  integrity sha512-KmfKL3b6G+RXvP8N1vr3Tq1kL/oCFgn2NYXEtqP8/L3pKapUA4G8cFVaoF3SU323CD4XypR/ffioHmkti6/Tag==
  dependencies:
    estraverse "^5.2.0"

estraverse@^5.1.0, estraverse@^5.2.0:
  version "5.3.0"
  resolved "https://registry.yarnpkg.com/estraverse/-/estraverse-5.3.0.tgz#2eea5290702f26ab8fe5370370ff86c965d21123"
  integrity sha512-MMdARuVEQziNTeJD8DgMqmhwR11BRQ/cBP+pLtYdSTnf3MIO8fFeiINEbX36ZdNlfU/7A9f3gUw49B3oQsvwBA==

fast-glob@^3.3.2:
  version "3.3.2"
  resolved "https://registry.yarnpkg.com/fast-glob/-/fast-glob-3.3.2.tgz#a904501e57cfdd2ffcded45e99a54fef55e46129"
  integrity sha512-oX2ruAFQwf/Orj8m737Y5adxDQO0LAB7/S5MnxCdTNDd4p6BsyIVsv9JQsATbTSq8KHRpLwIHbVlUNatxd+1Ow==
  dependencies:
    "@nodelib/fs.stat" "^2.0.2"
    "@nodelib/fs.walk" "^1.2.3"
    glob-parent "^5.1.2"
    merge2 "^1.3.0"
    micromatch "^4.0.4"

fastq@^1.6.0:
  version "1.17.1"
  resolved "https://registry.yarnpkg.com/fastq/-/fastq-1.17.1.tgz#2a523f07a4e7b1e81a42b91b8bf2254107753b47"
  integrity sha512-sRVD3lWVIXWg6By68ZN7vho9a1pQcN/WBFaAAsDDFzlJjvoGx0P8z7V1t72grFJfJhu3YPZBuu25f7Kaw2jN1w==
  dependencies:
    reusify "^1.0.4"

fill-range@^7.1.1:
  version "7.1.1"
  resolved "https://registry.yarnpkg.com/fill-range/-/fill-range-7.1.1.tgz#44265d3cac07e3ea7dc247516380643754a05292"
  integrity sha512-YsGpe3WHLK8ZYi4tWDg2Jy3ebRz2rXowDxnld4bkQB00cc/1Zw9AWnC0i9ztDJitivtQvaI9KaLyKrc+hBW0yg==
  dependencies:
    to-regex-range "^5.0.1"

glob-parent@^5.1.2:
  version "5.1.2"
  resolved "https://registry.yarnpkg.com/glob-parent/-/glob-parent-5.1.2.tgz#869832c58034fe68a4093c17dc15e8340d8401c4"
  integrity sha512-AOIgSQCepiJYwP3ARnGx+5VnTu2HBYdzbGP45eLw1vr3zB3vZLeyed1sC9hnbcOc9/SrMyM5RPQrkGz4aS9Zow==
  dependencies:
    is-glob "^4.0.1"

globals@^13.24.0:
  version "13.24.0"
  resolved "https://registry.yarnpkg.com/globals/-/globals-13.24.0.tgz#8432a19d78ce0c1e833949c36adb345400bb1171"
  integrity sha512-AhO5QUcj8llrbG09iWhPU2B204J1xnPeL8kQmVorSsy+Sjj1sk8gIyh6cUocGmH4L0UuhAJy+hJMRA4mgA4mFQ==
  dependencies:
    type-fest "^0.20.2"

globals@^15.9.0:
  version "15.9.0"
  resolved "https://registry.yarnpkg.com/globals/-/globals-15.9.0.tgz#e9de01771091ffbc37db5714dab484f9f69ff399"
  integrity sha512-SmSKyLLKFbSr6rptvP8izbyxJL4ILwqO9Jg23UA0sDlGlu58V59D1//I3vlc0KJphVdUR7vMjHIplYnzBxorQA==

graphemer@^1.4.0:
  version "1.4.0"
  resolved "https://registry.yarnpkg.com/graphemer/-/graphemer-1.4.0.tgz#fb2f1d55e0e3a1849aeffc90c4fa0dd53a0e66c6"
  integrity sha512-EtKwoO6kxCL9WO5xipiHTZlSzBm7WLT627TqC/uVRd0HKmq8NXyebnNYxDoBi7wt8eTWrUrKXCOVaFq9x1kgag==

ignore@^5.3.1:
  version "5.3.2"
  resolved "https://registry.yarnpkg.com/ignore/-/ignore-5.3.2.tgz#3cd40e729f3643fd87cb04e50bf0eb722bc596f5"
  integrity sha512-hsBTNUqQTDwkWtcdYI2i06Y/nUBEsNEDJKjWdigLvegy8kDuJAS8uRlpkkcQpyEXL0Z/pjDy5HBmMjRCJ2gq+g==

is-extglob@^2.1.1:
  version "2.1.1"
  resolved "https://registry.yarnpkg.com/is-extglob/-/is-extglob-2.1.1.tgz#a88c02535791f02ed37c76a1b9ea9773c833f8c2"
  integrity sha512-SbKbANkN603Vi4jEZv49LeVJMn4yGwsbzZworEoyEiutsN3nJYdbO36zfhGJ6QEDpOZIFkDtnq5JRxmvl3jsoQ==

is-glob@^4.0.1, is-glob@^4.0.3:
  version "4.0.3"
  resolved "https://registry.yarnpkg.com/is-glob/-/is-glob-4.0.3.tgz#64f61e42cbbb2eec2071a9dac0b28ba1e65d5084"
  integrity sha512-xelSayHH36ZgE7ZWhli7pW34hNbNl8Ojv5KVmkJD4hBdD3th8Tfk9vYasLM+mXWOZhFkgZfxhLSnrwRr4elSSg==
  dependencies:
    is-extglob "^2.1.1"

is-number@^7.0.0:
  version "7.0.0"
  resolved "https://registry.yarnpkg.com/is-number/-/is-number-7.0.0.tgz#7535345b896734d5f80c4d06c50955527a14f12b"
  integrity sha512-41Cifkg6e8TylSpdtTpeLVMqvSBEVzTttHvERD741+pnZ8ANv0004MRL43QKPDlK9cGvNp6NZWZUBlbGXYxxng==

lodash@^4.17.21:
  version "4.17.21"
  resolved "https://registry.yarnpkg.com/lodash/-/lodash-4.17.21.tgz#679591c564c3bffaae8454cf0b3df370c3d6911c"
  integrity sha512-v2kDEe57lecTulaDIuNTPy3Ry4gLGJ6Z1O3vE1krgXZNrsQ+LFTGHVxVjcXPs17LhbZVGedAJv8XZ1tvj5FvSg==

merge2@^1.3.0:
  version "1.4.1"
  resolved "https://registry.yarnpkg.com/merge2/-/merge2-1.4.1.tgz#4368892f885e907455a6fd7dc55c0c9d404990ae"
  integrity sha512-8q7VEgMJW4J8tcfVPy8g09NcQwZdbwFEqhe/WZkoIzjn/3TGDwtOCYtXGxA3O8tPzpczCCDgv+P2P5y00ZJOOg==

micromatch@^4.0.4:
  version "4.0.8"
  resolved "https://registry.yarnpkg.com/micromatch/-/micromatch-4.0.8.tgz#d66fa18f3a47076789320b9b1af32bd86d9fa202"
  integrity sha512-PXwfBhYu0hBCPw8Dn0E+WDYb7af3dSLVWKi3HGv84IdF4TyFoC0ysxFd0Goxw7nSv4T/PzEJQxsYsEiFCKo2BA==
  dependencies:
    braces "^3.0.3"
    picomatch "^2.3.1"

minimatch@^9.0.4:
  version "9.0.5"
  resolved "https://registry.yarnpkg.com/minimatch/-/minimatch-9.0.5.tgz#d74f9dd6b57d83d8e98cfb82133b03978bc929e5"
  integrity sha512-G6T0ZX48xgozx7587koeX9Ys2NYy6Gmv//P89sEte9V9whIapMNF4idKxnW2QtCcLiTWlb/wfCabAtAFWhhBow==
  dependencies:
    brace-expansion "^2.0.1"

ms@2.1.2:
  version "2.1.2"
  resolved "https://registry.yarnpkg.com/ms/-/ms-2.1.2.tgz#d09d1f357b443f493382a8eb3ccd183872ae6009"
  integrity sha512-sGkPx+VjMtmA6MX27oA4FBFELFCZZ4S4XqeGOXCv68tT+jb3vk/RyaKWP0PTKyWtmLSM0b+adUTEvbs1PEaH2w==

natural-compare@^1.4.0:
  version "1.4.0"
  resolved "https://registry.yarnpkg.com/natural-compare/-/natural-compare-1.4.0.tgz#4abebfeed7541f2c27acfb29bdbbd15c8d5ba4f7"
  integrity sha512-OWND8ei3VtNC9h7V60qff3SVobHr996CTwgxubgyQYEpg290h9J0buyECNNJexkFm5sOajh5G116RYA1c8ZMSw==

nth-check@^2.1.1:
  version "2.1.1"
  resolved "https://registry.yarnpkg.com/nth-check/-/nth-check-2.1.1.tgz#c9eab428effce36cd6b92c924bdb000ef1f1ed1d"
  integrity sha512-lqjrjmaOoAnWfMmBPL+XNnynZh2+swxiX3WUE0s4yEHI6m+AwrK2UZOimIRl3X/4QctVqS8AiZjFqyOGrMXb/w==
  dependencies:
    boolbase "^1.0.0"

picomatch@^2.3.1:
  version "2.3.1"
  resolved "https://registry.yarnpkg.com/picomatch/-/picomatch-2.3.1.tgz#3ba3833733646d9d3e4995946c1365a67fb07a42"
  integrity sha512-JU3teHTNjmE2VCGFzuY8EXzCDVwEqB2a8fsIvwaStHhAWJEeVd1o1QD80CU6+ZdEXXSLbSsuLwJjkCBWqRQUVA==

postcss-selector-parser@^6.0.15:
  version "6.1.2"
  resolved "https://registry.yarnpkg.com/postcss-selector-parser/-/postcss-selector-parser-6.1.2.tgz#27ecb41fb0e3b6ba7a1ec84fff347f734c7929de"
  integrity sha512-Q8qQfPiZ+THO/3ZrOrO0cJJKfpYCagtMUkXbnEfmgUjwXg6z/WBeOyS9APBBPCTSiDV+s4SwQGu8yFsiMRIudg==
  dependencies:
    cssesc "^3.0.0"
    util-deprecate "^1.0.2"

queue-microtask@^1.2.2:
  version "1.2.3"
  resolved "https://registry.yarnpkg.com/queue-microtask/-/queue-microtask-1.2.3.tgz#4929228bbc724dfac43e0efb058caf7b6cfb6243"
  integrity sha512-NuaNSa6flKT5JaSYQzJok04JzTL1CA6aGhv5rfLW3PgqA+M2ChpZQnAC8h8i4ZFkBS8X5RqkDBHA7r4hej3K9A==

reusify@^1.0.4:
  version "1.0.4"
  resolved "https://registry.yarnpkg.com/reusify/-/reusify-1.0.4.tgz#90da382b1e126efc02146e90845a88db12925d76"
  integrity sha512-U9nH88a3fc/ekCF1l0/UP1IosiuIjyTh7hBvXVMHYgVcfGvt897Xguj2UOLDeI5BG2m7/uwyaLVT6fbtCwTyzw==

run-parallel@^1.1.9:
  version "1.2.0"
  resolved "https://registry.yarnpkg.com/run-parallel/-/run-parallel-1.2.0.tgz#66d1368da7bdf921eb9d95bd1a9229e7f21a43ee"
  integrity sha512-5l4VyZR86LZ/lDxZTR6jqL8AFE2S0IFLMP26AbjsLVADxHdhB/c0GUsH+y39UfCi3dzz8OlQuPmnaJOMoDHQBA==
  dependencies:
    queue-microtask "^1.2.2"

semver@^7.3.6, semver@^7.6.0:
  version "7.6.3"
  resolved "https://registry.yarnpkg.com/semver/-/semver-7.6.3.tgz#980f7b5550bc175fb4dc09403085627f9eb33143"
  integrity sha512-oVekP1cKtI+CTDvHWYFUcMtsK/00wmAEfyqKfNdARm8u1wNVhSgaX7A8d4UuIlUI5e84iEwOhs7ZPYRmzU9U6A==

to-regex-range@^5.0.1:
  version "5.0.1"
  resolved "https://registry.yarnpkg.com/to-regex-range/-/to-regex-range-5.0.1.tgz#1648c44aae7c8d988a326018ed72f5b4dd0392e4"
  integrity sha512-65P7iz6X5yEr1cwcgvQxbbIw7Uk3gOy5dIdtZ4rDveLqhrdJP+Li/Hx6tyK0NEb+2GCyneCMJiGqrADCSNk8sQ==
  dependencies:
    is-number "^7.0.0"

ts-api-utils@^1.3.0:
  version "1.3.0"
  resolved "https://registry.yarnpkg.com/ts-api-utils/-/ts-api-utils-1.3.0.tgz#4b490e27129f1e8e686b45cc4ab63714dc60eea1"
  integrity sha512-UQMIo7pb8WRomKR1/+MFVLTroIvDVtMX3K6OUir8ynLyzB8Jeriont2bTAtmNPa1ekAgN7YPDyf6V+ygrdU+eQ==

type-fest@^0.20.2:
  version "0.20.2"
  resolved "https://registry.yarnpkg.com/type-fest/-/type-fest-0.20.2.tgz#1bf207f4b28f91583666cb5fbd327887301cd5f4"
  integrity sha512-Ne+eE4r0/iWnpAxD852z3A+N0Bt5RN//NjJwRd2VFHEmrywxf5vsZlh4R6lixl6B+wz/8d+maTSAkN1FIkI3LQ==

typescript-eslint@^8.2.0:
  version "8.3.0"
  resolved "https://registry.yarnpkg.com/typescript-eslint/-/typescript-eslint-8.3.0.tgz#f4d9c5ba71f6bead03ec41ecb2bece1de511e49f"
  integrity sha512-EvWjwWLwwKDIJuBjk2I6UkV8KEQcwZ0VM10nR1rIunRDIP67QJTZAHBXTX0HW/oI1H10YESF8yWie8fRQxjvFA==
  dependencies:
    "@typescript-eslint/eslint-plugin" "8.3.0"
    "@typescript-eslint/parser" "8.3.0"
    "@typescript-eslint/utils" "8.3.0"

util-deprecate@^1.0.2:
  version "1.0.2"
  resolved "https://registry.yarnpkg.com/util-deprecate/-/util-deprecate-1.0.2.tgz#450d4dc9fa70de732762fbd2d4a28981419a0ccf"
  integrity sha512-EPD5q1uXyFxJpCrLnCc1nHnq3gOa6DZBocAIiI2TaSCA7VCJ1UJDMagCzIkXNsUYfD1daK//LTEQ8xiIbrHtcw==

vue-eslint-parser@^9.0.1, vue-eslint-parser@^9.4.3:
  version "9.4.3"
  resolved "https://registry.yarnpkg.com/vue-eslint-parser/-/vue-eslint-parser-9.4.3.tgz#9b04b22c71401f1e8bca9be7c3e3416a4bde76a8"
  integrity sha512-2rYRLWlIpaiN8xbPiDyXZXRgLGOtWxERV7ND5fFAv5qo1D2N9Fu9MNajBNc6o13lZ+24DAWCkQCvj4klgmcITg==
  dependencies:
    debug "^4.3.4"
    eslint-scope "^7.1.1"
    eslint-visitor-keys "^3.3.0"
    espree "^9.3.1"
    esquery "^1.4.0"
    lodash "^4.17.21"
    semver "^7.3.6"

xml-name-validator@^4.0.0:
  version "4.0.0"
  resolved "https://registry.yarnpkg.com/xml-name-validator/-/xml-name-validator-4.0.0.tgz#79a006e2e63149a8600f15430f0a4725d1524835"
  integrity sha512-ICP2e+jsHvAj2E2lIHxa5tjXRlKDJo4IdvPvCXbXQGdzSfmSpNVyIKMvoZHjDY9DP0zV17iI85o90vRFXNccRw==
